
Microsoft Visual Studio Solution File, Format Version 12.00
# Visual Studio 15
VisualStudioVersion = 15.0.28010.2036
MinimumVisualStudioVersion = 10.0.40219.1
Project("{FAE04EC0-301F-11D3-BF4B-00C04F79EFBC}") = "VIQ1", "VIQ1\VIQ1.csproj", "{77EFED6B-B1A8-414B-AD65-30D5E7EBBB80}"
EndProject
Global
	GlobalSection(SolutionConfigurationPlatforms) = preSolution
		Debug|Any CPU = Debug|Any CPU
		Release|Any CPU = Release|Any CPU
	EndGlobalSection
	GlobalSection(ProjectConfigurationPlatforms) = postSolution
		{77EFED6B-B1A8-414B-AD65-30D5E7EBBB80}.Debug|Any CPU.ActiveCfg = Debug|Any CPU
		{77EFED6B-B1A8-414B-AD65-30D5E7EBBB80}.Debug|Any CPU.Build.0 = Debug|Any CPU
		{77EFED6B-B1A8-414B-AD65-30D5E7EBBB80}.Release|Any CPU.ActiveCfg = Release|Any CPU
		{77EFED6B-B1A8-414B-AD65-30D5E7EBBB80}.Release|Any CPU.Build.0 = Release|Any CPU
	EndGlobalSection
	GlobalSection(SolutionProperties) = preSolution
		HideSolutionNode = FALSE
	EndGlobalSection
	GlobalSection(ExtensibilityGlobals) = postSolution
		SolutionGuid = {C5899486-DD66-4863-A19D-9B74DA54F4EF}
	EndGlobalSection
EndGlobal
