
Microsoft Visual Studio Solution File, Format Version 12.00
# Visual Studio 15
VisualStudioVersion = 15.0.28010.2036
MinimumVisualStudioVersion = 10.0.40219.1
Project("{FAE04EC0-301F-11D3-BF4B-00C04F79EFBC}") = "MichaelC_301106259_A3", "MichaelC_301106259_A3\MichaelC_301106259_A3.csproj", "{5E36E5A5-7D18-4701-9824-FD7680AEE4DA}"
EndProject
Global
	GlobalSection(SolutionConfigurationPlatforms) = preSolution
		Debug|Any CPU = Debug|Any CPU
		Release|Any CPU = Release|Any CPU
	EndGlobalSection
	GlobalSection(ProjectConfigurationPlatforms) = postSolution
		{5E36E5A5-7D18-4701-9824-FD7680AEE4DA}.Debug|Any CPU.ActiveCfg = Debug|Any CPU
		{5E36E5A5-7D18-4701-9824-FD7680AEE4DA}.Debug|Any CPU.Build.0 = Debug|Any CPU
		{5E36E5A5-7D18-4701-9824-FD7680AEE4DA}.Release|Any CPU.ActiveCfg = Release|Any CPU
		{5E36E5A5-7D18-4701-9824-FD7680AEE4DA}.Release|Any CPU.Build.0 = Release|Any CPU
	EndGlobalSection
	GlobalSection(SolutionProperties) = preSolution
		HideSolutionNode = FALSE
	EndGlobalSection
	GlobalSection(ExtensibilityGlobals) = postSolution
		SolutionGuid = {A41B0DD7-A134-4048-AD03-326F9D5715B3}
	EndGlobalSection
EndGlobal
