
Microsoft Visual Studio Solution File, Format Version 12.00
# Visual Studio 15
VisualStudioVersion = 15.0.28010.2036
MinimumVisualStudioVersion = 10.0.40219.1
Project("{FAE04EC0-301F-11D3-BF4B-00C04F79EFBC}") = "Q1", "Q1\Q1.csproj", "{9DB71344-E0BE-4610-BBA7-E58FC4D76562}"
EndProject
Project("{FAE04EC0-301F-11D3-BF4B-00C04F79EFBC}") = "Q2", "Q2\Q2.csproj", "{DD1A88B7-F43A-48C0-9CCF-C3BABEC559E8}"
EndProject
Project("{FAE04EC0-301F-11D3-BF4B-00C04F79EFBC}") = "Q3", "Q3\Q3.csproj", "{EC02B55F-1D23-4082-B4C9-3D22E0C410FA}"
EndProject
Project("{FAE04EC0-301F-11D3-BF4B-00C04F79EFBC}") = "Q4", "Q4\Q4.csproj", "{87AF1C3E-0117-4D8C-8863-0FCE7EB994B4}"
EndProject
Project("{FAE04EC0-301F-11D3-BF4B-00C04F79EFBC}") = "Q5", "Q5\Q5.csproj", "{73688EA7-ADCB-4D53-B16D-D1C00A9758C9}"
EndProject
Project("{FAE04EC0-301F-11D3-BF4B-00C04F79EFBC}") = "Q6", "Q6\Q6.csproj", "{4EFC46B0-D8CD-40CC-8AB6-4A070D51FFA8}"
EndProject
Project("{FAE04EC0-301F-11D3-BF4B-00C04F79EFBC}") = "Q7", "Q7\Q7.csproj", "{B7C43938-9AC8-4E55-86CC-C24F8FBAF115}"
EndProject
Project("{FAE04EC0-301F-11D3-BF4B-00C04F79EFBC}") = "Q8", "Q8\Q8.csproj", "{F0091194-A359-49A6-A215-AF7978D55CD8}"
EndProject
Project("{FAE04EC0-301F-11D3-BF4B-00C04F79EFBC}") = "Q9", "Q9\Q9.csproj", "{5E4078C5-4535-44BD-BA0E-A5D711A8F69E}"
EndProject
Project("{FAE04EC0-301F-11D3-BF4B-00C04F79EFBC}") = "Q10", "Q10\Q10.csproj", "{307C6EF2-D0FB-485F-A0FF-D1EE2A8CFB1A}"
EndProject
Project("{FAE04EC0-301F-11D3-BF4B-00C04F79EFBC}") = "Q11", "Q11\Q11.csproj", "{B5072D29-2717-42F4-B649-C8DAE165C715}"
EndProject
Project("{FAE04EC0-301F-11D3-BF4B-00C04F79EFBC}") = "Q12", "Q12\Q12.csproj", "{FFD09039-FF99-41AE-A52F-DFBA257BDA5C}"
EndProject
Project("{FAE04EC0-301F-11D3-BF4B-00C04F79EFBC}") = "Q13", "Q13\Q13.csproj", "{2345AF0B-D2C0-4946-B6EB-ACBC754CA30F}"
EndProject
Project("{FAE04EC0-301F-11D3-BF4B-00C04F79EFBC}") = "Q14", "Q14\Q14.csproj", "{D03D79DF-AE81-47AE-83B0-6B89A1382FFF}"
EndProject
Project("{FAE04EC0-301F-11D3-BF4B-00C04F79EFBC}") = "Q15A", "Q15A\Q15A.csproj", "{697050DC-9509-48D7-9443-1950ACCB730F}"
EndProject
Project("{FAE04EC0-301F-11D3-BF4B-00C04F79EFBC}") = "Q15B", "Q15B\Q15B.csproj", "{020C714D-B051-4A9A-B011-22F227BFC660}"
EndProject
Global
	GlobalSection(SolutionConfigurationPlatforms) = preSolution
		Debug|Any CPU = Debug|Any CPU
		Release|Any CPU = Release|Any CPU
	EndGlobalSection
	GlobalSection(ProjectConfigurationPlatforms) = postSolution
		{9DB71344-E0BE-4610-BBA7-E58FC4D76562}.Debug|Any CPU.ActiveCfg = Debug|Any CPU
		{9DB71344-E0BE-4610-BBA7-E58FC4D76562}.Debug|Any CPU.Build.0 = Debug|Any CPU
		{9DB71344-E0BE-4610-BBA7-E58FC4D76562}.Release|Any CPU.ActiveCfg = Release|Any CPU
		{9DB71344-E0BE-4610-BBA7-E58FC4D76562}.Release|Any CPU.Build.0 = Release|Any CPU
		{DD1A88B7-F43A-48C0-9CCF-C3BABEC559E8}.Debug|Any CPU.ActiveCfg = Debug|Any CPU
		{DD1A88B7-F43A-48C0-9CCF-C3BABEC559E8}.Debug|Any CPU.Build.0 = Debug|Any CPU
		{DD1A88B7-F43A-48C0-9CCF-C3BABEC559E8}.Release|Any CPU.ActiveCfg = Release|Any CPU
		{DD1A88B7-F43A-48C0-9CCF-C3BABEC559E8}.Release|Any CPU.Build.0 = Release|Any CPU
		{EC02B55F-1D23-4082-B4C9-3D22E0C410FA}.Debug|Any CPU.ActiveCfg = Debug|Any CPU
		{EC02B55F-1D23-4082-B4C9-3D22E0C410FA}.Debug|Any CPU.Build.0 = Debug|Any CPU
		{EC02B55F-1D23-4082-B4C9-3D22E0C410FA}.Release|Any CPU.ActiveCfg = Release|Any CPU
		{EC02B55F-1D23-4082-B4C9-3D22E0C410FA}.Release|Any CPU.Build.0 = Release|Any CPU
		{87AF1C3E-0117-4D8C-8863-0FCE7EB994B4}.Debug|Any CPU.ActiveCfg = Debug|Any CPU
		{87AF1C3E-0117-4D8C-8863-0FCE7EB994B4}.Debug|Any CPU.Build.0 = Debug|Any CPU
		{87AF1C3E-0117-4D8C-8863-0FCE7EB994B4}.Release|Any CPU.ActiveCfg = Release|Any CPU
		{87AF1C3E-0117-4D8C-8863-0FCE7EB994B4}.Release|Any CPU.Build.0 = Release|Any CPU
		{73688EA7-ADCB-4D53-B16D-D1C00A9758C9}.Debug|Any CPU.ActiveCfg = Debug|Any CPU
		{73688EA7-ADCB-4D53-B16D-D1C00A9758C9}.Debug|Any CPU.Build.0 = Debug|Any CPU
		{73688EA7-ADCB-4D53-B16D-D1C00A9758C9}.Release|Any CPU.ActiveCfg = Release|Any CPU
		{73688EA7-ADCB-4D53-B16D-D1C00A9758C9}.Release|Any CPU.Build.0 = Release|Any CPU
		{4EFC46B0-D8CD-40CC-8AB6-4A070D51FFA8}.Debug|Any CPU.ActiveCfg = Debug|Any CPU
		{4EFC46B0-D8CD-40CC-8AB6-4A070D51FFA8}.Debug|Any CPU.Build.0 = Debug|Any CPU
		{4EFC46B0-D8CD-40CC-8AB6-4A070D51FFA8}.Release|Any CPU.ActiveCfg = Release|Any CPU
		{4EFC46B0-D8CD-40CC-8AB6-4A070D51FFA8}.Release|Any CPU.Build.0 = Release|Any CPU
		{B7C43938-9AC8-4E55-86CC-C24F8FBAF115}.Debug|Any CPU.ActiveCfg = Debug|Any CPU
		{B7C43938-9AC8-4E55-86CC-C24F8FBAF115}.Debug|Any CPU.Build.0 = Debug|Any CPU
		{B7C43938-9AC8-4E55-86CC-C24F8FBAF115}.Release|Any CPU.ActiveCfg = Release|Any CPU
		{B7C43938-9AC8-4E55-86CC-C24F8FBAF115}.Release|Any CPU.Build.0 = Release|Any CPU
		{F0091194-A359-49A6-A215-AF7978D55CD8}.Debug|Any CPU.ActiveCfg = Debug|Any CPU
		{F0091194-A359-49A6-A215-AF7978D55CD8}.Debug|Any CPU.Build.0 = Debug|Any CPU
		{F0091194-A359-49A6-A215-AF7978D55CD8}.Release|Any CPU.ActiveCfg = Release|Any CPU
		{F0091194-A359-49A6-A215-AF7978D55CD8}.Release|Any CPU.Build.0 = Release|Any CPU
		{5E4078C5-4535-44BD-BA0E-A5D711A8F69E}.Debug|Any CPU.ActiveCfg = Debug|Any CPU
		{5E4078C5-4535-44BD-BA0E-A5D711A8F69E}.Debug|Any CPU.Build.0 = Debug|Any CPU
		{5E4078C5-4535-44BD-BA0E-A5D711A8F69E}.Release|Any CPU.ActiveCfg = Release|Any CPU
		{5E4078C5-4535-44BD-BA0E-A5D711A8F69E}.Release|Any CPU.Build.0 = Release|Any CPU
		{307C6EF2-D0FB-485F-A0FF-D1EE2A8CFB1A}.Debug|Any CPU.ActiveCfg = Debug|Any CPU
		{307C6EF2-D0FB-485F-A0FF-D1EE2A8CFB1A}.Debug|Any CPU.Build.0 = Debug|Any CPU
		{307C6EF2-D0FB-485F-A0FF-D1EE2A8CFB1A}.Release|Any CPU.ActiveCfg = Release|Any CPU
		{307C6EF2-D0FB-485F-A0FF-D1EE2A8CFB1A}.Release|Any CPU.Build.0 = Release|Any CPU
		{B5072D29-2717-42F4-B649-C8DAE165C715}.Debug|Any CPU.ActiveCfg = Debug|Any CPU
		{B5072D29-2717-42F4-B649-C8DAE165C715}.Debug|Any CPU.Build.0 = Debug|Any CPU
		{B5072D29-2717-42F4-B649-C8DAE165C715}.Release|Any CPU.ActiveCfg = Release|Any CPU
		{B5072D29-2717-42F4-B649-C8DAE165C715}.Release|Any CPU.Build.0 = Release|Any CPU
		{FFD09039-FF99-41AE-A52F-DFBA257BDA5C}.Debug|Any CPU.ActiveCfg = Debug|Any CPU
		{FFD09039-FF99-41AE-A52F-DFBA257BDA5C}.Debug|Any CPU.Build.0 = Debug|Any CPU
		{FFD09039-FF99-41AE-A52F-DFBA257BDA5C}.Release|Any CPU.ActiveCfg = Release|Any CPU
		{FFD09039-FF99-41AE-A52F-DFBA257BDA5C}.Release|Any CPU.Build.0 = Release|Any CPU
		{2345AF0B-D2C0-4946-B6EB-ACBC754CA30F}.Debug|Any CPU.ActiveCfg = Debug|Any CPU
		{2345AF0B-D2C0-4946-B6EB-ACBC754CA30F}.Debug|Any CPU.Build.0 = Debug|Any CPU
		{2345AF0B-D2C0-4946-B6EB-ACBC754CA30F}.Release|Any CPU.ActiveCfg = Release|Any CPU
		{2345AF0B-D2C0-4946-B6EB-ACBC754CA30F}.Release|Any CPU.Build.0 = Release|Any CPU
		{D03D79DF-AE81-47AE-83B0-6B89A1382FFF}.Debug|Any CPU.ActiveCfg = Debug|Any CPU
		{D03D79DF-AE81-47AE-83B0-6B89A1382FFF}.Debug|Any CPU.Build.0 = Debug|Any CPU
		{D03D79DF-AE81-47AE-83B0-6B89A1382FFF}.Release|Any CPU.ActiveCfg = Release|Any CPU
		{D03D79DF-AE81-47AE-83B0-6B89A1382FFF}.Release|Any CPU.Build.0 = Release|Any CPU
		{697050DC-9509-48D7-9443-1950ACCB730F}.Debug|Any CPU.ActiveCfg = Debug|Any CPU
		{697050DC-9509-48D7-9443-1950ACCB730F}.Debug|Any CPU.Build.0 = Debug|Any CPU
		{697050DC-9509-48D7-9443-1950ACCB730F}.Release|Any CPU.ActiveCfg = Release|Any CPU
		{697050DC-9509-48D7-9443-1950ACCB730F}.Release|Any CPU.Build.0 = Release|Any CPU
		{020C714D-B051-4A9A-B011-22F227BFC660}.Debug|Any CPU.ActiveCfg = Debug|Any CPU
		{020C714D-B051-4A9A-B011-22F227BFC660}.Debug|Any CPU.Build.0 = Debug|Any CPU
		{020C714D-B051-4A9A-B011-22F227BFC660}.Release|Any CPU.ActiveCfg = Release|Any CPU
		{020C714D-B051-4A9A-B011-22F227BFC660}.Release|Any CPU.Build.0 = Release|Any CPU
	EndGlobalSection
	GlobalSection(SolutionProperties) = preSolution
		HideSolutionNode = FALSE
	EndGlobalSection
	GlobalSection(ExtensibilityGlobals) = postSolution
		SolutionGuid = {CF4B8206-2421-433E-A2F8-56B8D713F2BA}
	EndGlobalSection
EndGlobal
