
Microsoft Visual Studio Solution File, Format Version 12.00
# Visual Studio 15
VisualStudioVersion = 15.0.28307.902
MinimumVisualStudioVersion = 10.0.40219.1
Project("{FAE04EC0-301F-11D3-BF4B-00C04F79EFBC}") = "MichaelC_301106259_A5", "MichaelC_301106259_A5\MichaelC_301106259_A5.csproj", "{06FD1AA1-B3C0-4A47-B290-CA376A837081}"
EndProject
Global
	GlobalSection(SolutionConfigurationPlatforms) = preSolution
		Debug|Any CPU = Debug|Any CPU
		Release|Any CPU = Release|Any CPU
	EndGlobalSection
	GlobalSection(ProjectConfigurationPlatforms) = postSolution
		{06FD1AA1-B3C0-4A47-B290-CA376A837081}.Debug|Any CPU.ActiveCfg = Debug|Any CPU
		{06FD1AA1-B3C0-4A47-B290-CA376A837081}.Debug|Any CPU.Build.0 = Debug|Any CPU
		{06FD1AA1-B3C0-4A47-B290-CA376A837081}.Release|Any CPU.ActiveCfg = Release|Any CPU
		{06FD1AA1-B3C0-4A47-B290-CA376A837081}.Release|Any CPU.Build.0 = Release|Any CPU
	EndGlobalSection
	GlobalSection(SolutionProperties) = preSolution
		HideSolutionNode = FALSE
	EndGlobalSection
	GlobalSection(ExtensibilityGlobals) = postSolution
		SolutionGuid = {984DDCEF-26B5-4B76-88FB-27490AC287A4}
	EndGlobalSection
EndGlobal
