
Microsoft Visual Studio Solution File, Format Version 12.00
# Visual Studio Version 16
VisualStudioVersion = 16.0.29326.143
MinimumVisualStudioVersion = 10.0.40219.1
Project("{FAE04EC0-301F-11D3-BF4B-00C04F79EFBC}") = "Q1", "Q1\Q1.csproj", "{336F1348-DEE3-4678-8A98-67BA4885D129}"
EndProject
Project("{FAE04EC0-301F-11D3-BF4B-00C04F79EFBC}") = "Q2", "Q2\Q2.csproj", "{787594F1-73E1-4BE7-A910-6291631576DC}"
EndProject
Project("{FAE04EC0-301F-11D3-BF4B-00C04F79EFBC}") = "Q3", "Q3\Q3.csproj", "{A071B062-CA24-44F2-BCAE-4DDAB0E1A7AE}"
EndProject
Project("{FAE04EC0-301F-11D3-BF4B-00C04F79EFBC}") = "Q4", "Q4\Q4.csproj", "{6713DEAA-7E33-4309-B4F1-0C68A4DFE2E1}"
EndProject
Project("{FAE04EC0-301F-11D3-BF4B-00C04F79EFBC}") = "Q5", "Q5\Q5.csproj", "{A963E1E4-FC65-4BD8-97BB-3BB2859ADFDE}"
EndProject
Project("{FAE04EC0-301F-11D3-BF4B-00C04F79EFBC}") = "Q6", "Q6\Q6.csproj", "{42690FAD-CA39-41D8-BA72-9ADB3C28B9A9}"
EndProject
Project("{FAE04EC0-301F-11D3-BF4B-00C04F79EFBC}") = "Q7", "Q7\Q7.csproj", "{A90ECB8F-8753-4E2A-B9F7-D51370AD955A}"
EndProject
Project("{FAE04EC0-301F-11D3-BF4B-00C04F79EFBC}") = "Q8", "Q8\Q8.csproj", "{B5FAE32A-B481-4736-8673-120B1977AB57}"
EndProject
Project("{FAE04EC0-301F-11D3-BF4B-00C04F79EFBC}") = "Q9", "Q9\Q9.csproj", "{CB0E915C-40B1-4B2B-A0D6-7B8E289B1E3D}"
EndProject
Project("{FAE04EC0-301F-11D3-BF4B-00C04F79EFBC}") = "Q10", "Q10\Q10.csproj", "{0E93548B-ECA9-471E-B819-49C7DC1FF341}"
EndProject
Project("{FAE04EC0-301F-11D3-BF4B-00C04F79EFBC}") = "Q11", "Q11\Q11.csproj", "{51C18DF7-2999-4837-A7F2-A27D7C34FB10}"
EndProject
Project("{FAE04EC0-301F-11D3-BF4B-00C04F79EFBC}") = "Q12", "Q12\Q12.csproj", "{AE2045CB-D434-48C5-9A43-B046B53CC139}"
EndProject
Project("{FAE04EC0-301F-11D3-BF4B-00C04F79EFBC}") = "Q14", "Q14\Q14.csproj", "{0187F6B9-81E6-4295-B8F0-F02E3E3B5123}"
EndProject
Global
	GlobalSection(SolutionConfigurationPlatforms) = preSolution
		Debug|Any CPU = Debug|Any CPU
		Release|Any CPU = Release|Any CPU
	EndGlobalSection
	GlobalSection(ProjectConfigurationPlatforms) = postSolution
		{336F1348-DEE3-4678-8A98-67BA4885D129}.Debug|Any CPU.ActiveCfg = Debug|Any CPU
		{336F1348-DEE3-4678-8A98-67BA4885D129}.Debug|Any CPU.Build.0 = Debug|Any CPU
		{336F1348-DEE3-4678-8A98-67BA4885D129}.Release|Any CPU.ActiveCfg = Release|Any CPU
		{336F1348-DEE3-4678-8A98-67BA4885D129}.Release|Any CPU.Build.0 = Release|Any CPU
		{787594F1-73E1-4BE7-A910-6291631576DC}.Debug|Any CPU.ActiveCfg = Debug|Any CPU
		{787594F1-73E1-4BE7-A910-6291631576DC}.Debug|Any CPU.Build.0 = Debug|Any CPU
		{787594F1-73E1-4BE7-A910-6291631576DC}.Release|Any CPU.ActiveCfg = Release|Any CPU
		{787594F1-73E1-4BE7-A910-6291631576DC}.Release|Any CPU.Build.0 = Release|Any CPU
		{A071B062-CA24-44F2-BCAE-4DDAB0E1A7AE}.Debug|Any CPU.ActiveCfg = Debug|Any CPU
		{A071B062-CA24-44F2-BCAE-4DDAB0E1A7AE}.Debug|Any CPU.Build.0 = Debug|Any CPU
		{A071B062-CA24-44F2-BCAE-4DDAB0E1A7AE}.Release|Any CPU.ActiveCfg = Release|Any CPU
		{A071B062-CA24-44F2-BCAE-4DDAB0E1A7AE}.Release|Any CPU.Build.0 = Release|Any CPU
		{6713DEAA-7E33-4309-B4F1-0C68A4DFE2E1}.Debug|Any CPU.ActiveCfg = Debug|Any CPU
		{6713DEAA-7E33-4309-B4F1-0C68A4DFE2E1}.Debug|Any CPU.Build.0 = Debug|Any CPU
		{6713DEAA-7E33-4309-B4F1-0C68A4DFE2E1}.Release|Any CPU.ActiveCfg = Release|Any CPU
		{6713DEAA-7E33-4309-B4F1-0C68A4DFE2E1}.Release|Any CPU.Build.0 = Release|Any CPU
		{A963E1E4-FC65-4BD8-97BB-3BB2859ADFDE}.Debug|Any CPU.ActiveCfg = Debug|Any CPU
		{A963E1E4-FC65-4BD8-97BB-3BB2859ADFDE}.Debug|Any CPU.Build.0 = Debug|Any CPU
		{A963E1E4-FC65-4BD8-97BB-3BB2859ADFDE}.Release|Any CPU.ActiveCfg = Release|Any CPU
		{A963E1E4-FC65-4BD8-97BB-3BB2859ADFDE}.Release|Any CPU.Build.0 = Release|Any CPU
		{42690FAD-CA39-41D8-BA72-9ADB3C28B9A9}.Debug|Any CPU.ActiveCfg = Debug|Any CPU
		{42690FAD-CA39-41D8-BA72-9ADB3C28B9A9}.Debug|Any CPU.Build.0 = Debug|Any CPU
		{42690FAD-CA39-41D8-BA72-9ADB3C28B9A9}.Release|Any CPU.ActiveCfg = Release|Any CPU
		{42690FAD-CA39-41D8-BA72-9ADB3C28B9A9}.Release|Any CPU.Build.0 = Release|Any CPU
		{A90ECB8F-8753-4E2A-B9F7-D51370AD955A}.Debug|Any CPU.ActiveCfg = Debug|Any CPU
		{A90ECB8F-8753-4E2A-B9F7-D51370AD955A}.Debug|Any CPU.Build.0 = Debug|Any CPU
		{A90ECB8F-8753-4E2A-B9F7-D51370AD955A}.Release|Any CPU.ActiveCfg = Release|Any CPU
		{A90ECB8F-8753-4E2A-B9F7-D51370AD955A}.Release|Any CPU.Build.0 = Release|Any CPU
		{B5FAE32A-B481-4736-8673-120B1977AB57}.Debug|Any CPU.ActiveCfg = Debug|Any CPU
		{B5FAE32A-B481-4736-8673-120B1977AB57}.Debug|Any CPU.Build.0 = Debug|Any CPU
		{B5FAE32A-B481-4736-8673-120B1977AB57}.Release|Any CPU.ActiveCfg = Release|Any CPU
		{B5FAE32A-B481-4736-8673-120B1977AB57}.Release|Any CPU.Build.0 = Release|Any CPU
		{CB0E915C-40B1-4B2B-A0D6-7B8E289B1E3D}.Debug|Any CPU.ActiveCfg = Debug|Any CPU
		{CB0E915C-40B1-4B2B-A0D6-7B8E289B1E3D}.Debug|Any CPU.Build.0 = Debug|Any CPU
		{CB0E915C-40B1-4B2B-A0D6-7B8E289B1E3D}.Release|Any CPU.ActiveCfg = Release|Any CPU
		{CB0E915C-40B1-4B2B-A0D6-7B8E289B1E3D}.Release|Any CPU.Build.0 = Release|Any CPU
		{0E93548B-ECA9-471E-B819-49C7DC1FF341}.Debug|Any CPU.ActiveCfg = Debug|Any CPU
		{0E93548B-ECA9-471E-B819-49C7DC1FF341}.Debug|Any CPU.Build.0 = Debug|Any CPU
		{0E93548B-ECA9-471E-B819-49C7DC1FF341}.Release|Any CPU.ActiveCfg = Release|Any CPU
		{0E93548B-ECA9-471E-B819-49C7DC1FF341}.Release|Any CPU.Build.0 = Release|Any CPU
		{51C18DF7-2999-4837-A7F2-A27D7C34FB10}.Debug|Any CPU.ActiveCfg = Debug|Any CPU
		{51C18DF7-2999-4837-A7F2-A27D7C34FB10}.Debug|Any CPU.Build.0 = Debug|Any CPU
		{51C18DF7-2999-4837-A7F2-A27D7C34FB10}.Release|Any CPU.ActiveCfg = Release|Any CPU
		{51C18DF7-2999-4837-A7F2-A27D7C34FB10}.Release|Any CPU.Build.0 = Release|Any CPU
		{AE2045CB-D434-48C5-9A43-B046B53CC139}.Debug|Any CPU.ActiveCfg = Debug|Any CPU
		{AE2045CB-D434-48C5-9A43-B046B53CC139}.Debug|Any CPU.Build.0 = Debug|Any CPU
		{AE2045CB-D434-48C5-9A43-B046B53CC139}.Release|Any CPU.ActiveCfg = Release|Any CPU
		{AE2045CB-D434-48C5-9A43-B046B53CC139}.Release|Any CPU.Build.0 = Release|Any CPU
		{0187F6B9-81E6-4295-B8F0-F02E3E3B5123}.Debug|Any CPU.ActiveCfg = Debug|Any CPU
		{0187F6B9-81E6-4295-B8F0-F02E3E3B5123}.Debug|Any CPU.Build.0 = Debug|Any CPU
		{0187F6B9-81E6-4295-B8F0-F02E3E3B5123}.Release|Any CPU.ActiveCfg = Release|Any CPU
		{0187F6B9-81E6-4295-B8F0-F02E3E3B5123}.Release|Any CPU.Build.0 = Release|Any CPU
	EndGlobalSection
	GlobalSection(SolutionProperties) = preSolution
		HideSolutionNode = FALSE
	EndGlobalSection
	GlobalSection(ExtensibilityGlobals) = postSolution
		SolutionGuid = {5C286F3D-31CD-438D-BA18-6BFFB0A721F5}
	EndGlobalSection
EndGlobal
