
Microsoft Visual Studio Solution File, Format Version 12.00
# Visual Studio Version 16
VisualStudioVersion = 16.0.29326.143
MinimumVisualStudioVersion = 10.0.40219.1
Project("{FAE04EC0-301F-11D3-BF4B-00C04F79EFBC}") = "Wallpaper", "Wallpaper\Wallpaper.csproj", "{6432FE45-8E9F-40E0-AEE1-254BFD369ED4}"
EndProject
Project("{FAE04EC0-301F-11D3-BF4B-00C04F79EFBC}") = "Confectionary", "Confectionary\Confectionary.csproj", "{AFC0B7FB-2060-4BA0-840C-31130A4D6F3E}"
EndProject
Project("{FAE04EC0-301F-11D3-BF4B-00C04F79EFBC}") = "Grocery", "Grocery\Grocery.csproj", "{2D6090B2-882F-4231-93FB-50AD575C9B70}"
EndProject
Project("{FAE04EC0-301F-11D3-BF4B-00C04F79EFBC}") = "Plumber", "Plumber\Plumber.csproj", "{89EAEDE0-0401-4785-A84B-67DA3F9417E1}"
EndProject
Global
	GlobalSection(SolutionConfigurationPlatforms) = preSolution
		Debug|Any CPU = Debug|Any CPU
		Release|Any CPU = Release|Any CPU
	EndGlobalSection
	GlobalSection(ProjectConfigurationPlatforms) = postSolution
		{6432FE45-8E9F-40E0-AEE1-254BFD369ED4}.Debug|Any CPU.ActiveCfg = Debug|Any CPU
		{6432FE45-8E9F-40E0-AEE1-254BFD369ED4}.Debug|Any CPU.Build.0 = Debug|Any CPU
		{6432FE45-8E9F-40E0-AEE1-254BFD369ED4}.Release|Any CPU.ActiveCfg = Release|Any CPU
		{6432FE45-8E9F-40E0-AEE1-254BFD369ED4}.Release|Any CPU.Build.0 = Release|Any CPU
		{AFC0B7FB-2060-4BA0-840C-31130A4D6F3E}.Debug|Any CPU.ActiveCfg = Debug|Any CPU
		{AFC0B7FB-2060-4BA0-840C-31130A4D6F3E}.Debug|Any CPU.Build.0 = Debug|Any CPU
		{AFC0B7FB-2060-4BA0-840C-31130A4D6F3E}.Release|Any CPU.ActiveCfg = Release|Any CPU
		{AFC0B7FB-2060-4BA0-840C-31130A4D6F3E}.Release|Any CPU.Build.0 = Release|Any CPU
		{2D6090B2-882F-4231-93FB-50AD575C9B70}.Debug|Any CPU.ActiveCfg = Debug|Any CPU
		{2D6090B2-882F-4231-93FB-50AD575C9B70}.Debug|Any CPU.Build.0 = Debug|Any CPU
		{2D6090B2-882F-4231-93FB-50AD575C9B70}.Release|Any CPU.ActiveCfg = Release|Any CPU
		{2D6090B2-882F-4231-93FB-50AD575C9B70}.Release|Any CPU.Build.0 = Release|Any CPU
		{89EAEDE0-0401-4785-A84B-67DA3F9417E1}.Debug|Any CPU.ActiveCfg = Debug|Any CPU
		{89EAEDE0-0401-4785-A84B-67DA3F9417E1}.Debug|Any CPU.Build.0 = Debug|Any CPU
		{89EAEDE0-0401-4785-A84B-67DA3F9417E1}.Release|Any CPU.ActiveCfg = Release|Any CPU
		{89EAEDE0-0401-4785-A84B-67DA3F9417E1}.Release|Any CPU.Build.0 = Release|Any CPU
	EndGlobalSection
	GlobalSection(SolutionProperties) = preSolution
		HideSolutionNode = FALSE
	EndGlobalSection
	GlobalSection(ExtensibilityGlobals) = postSolution
		SolutionGuid = {DE47166A-9CD1-49C7-BFF5-429B63D44F94}
	EndGlobalSection
EndGlobal
