
Microsoft Visual Studio Solution File, Format Version 12.00
# Visual Studio 15
VisualStudioVersion = 15.0.28010.2036
MinimumVisualStudioVersion = 10.0.40219.1
Project("{FAE04EC0-301F-11D3-BF4B-00C04F79EFBC}") = "Eggs", "Eggs\Eggs.csproj", "{570F6C2E-94E2-4725-9E5B-05826DDB008C}"
EndProject
Global
	GlobalSection(SolutionConfigurationPlatforms) = preSolution
		Debug|Any CPU = Debug|Any CPU
		Release|Any CPU = Release|Any CPU
	EndGlobalSection
	GlobalSection(ProjectConfigurationPlatforms) = postSolution
		{570F6C2E-94E2-4725-9E5B-05826DDB008C}.Debug|Any CPU.ActiveCfg = Debug|Any CPU
		{570F6C2E-94E2-4725-9E5B-05826DDB008C}.Debug|Any CPU.Build.0 = Debug|Any CPU
		{570F6C2E-94E2-4725-9E5B-05826DDB008C}.Release|Any CPU.ActiveCfg = Release|Any CPU
		{570F6C2E-94E2-4725-9E5B-05826DDB008C}.Release|Any CPU.Build.0 = Release|Any CPU
	EndGlobalSection
	GlobalSection(SolutionProperties) = preSolution
		HideSolutionNode = FALSE
	EndGlobalSection
	GlobalSection(ExtensibilityGlobals) = postSolution
		SolutionGuid = {C5BE85A0-B323-42F0-93F1-9DF2E7625F8C}
	EndGlobalSection
EndGlobal
