
Microsoft Visual Studio Solution File, Format Version 12.00
# Visual Studio 15
VisualStudioVersion = 15.0.28010.2036
MinimumVisualStudioVersion = 10.0.40219.1
Project("{FAE04EC0-301F-11D3-BF4B-00C04F79EFBC}") = "Addition3", "Addition3\Addition3.csproj", "{9C43EAA9-B605-400C-B583-C1619606952E}"
EndProject
Project("{FAE04EC0-301F-11D3-BF4B-00C04F79EFBC}") = "Addition4", "Addition4\Addition4.csproj", "{38E83B35-89DA-41B7-9550-E1192BCD7B61}"
EndProject
Project("{FAE04EC0-301F-11D3-BF4B-00C04F79EFBC}") = "Addition1", "Addition1\Addition1.csproj", "{68913286-84FE-42C0-8D27-170DAFD7585C}"
EndProject
Project("{FAE04EC0-301F-11D3-BF4B-00C04F79EFBC}") = "Double", "Double\Double.csproj", "{036CB40B-73D7-469D-BF7E-6DC0F702A95F}"
EndProject
Project("{FAE04EC0-301F-11D3-BF4B-00C04F79EFBC}") = "BoolVar", "BoolVar\BoolVar.csproj", "{8631EACF-3203-4CEB-B853-DFE33AEBFBDA}"
EndProject
Project("{FAE04EC0-301F-11D3-BF4B-00C04F79EFBC}") = "Farenheit", "Farenheit\Farenheit.csproj", "{C3E28D61-CBEE-4F5F-9E54-AEE1D4AB9EE9}"
EndProject
Global
	GlobalSection(SolutionConfigurationPlatforms) = preSolution
		Debug|Any CPU = Debug|Any CPU
		Release|Any CPU = Release|Any CPU
	EndGlobalSection
	GlobalSection(ProjectConfigurationPlatforms) = postSolution
		{9C43EAA9-B605-400C-B583-C1619606952E}.Debug|Any CPU.ActiveCfg = Debug|Any CPU
		{9C43EAA9-B605-400C-B583-C1619606952E}.Debug|Any CPU.Build.0 = Debug|Any CPU
		{9C43EAA9-B605-400C-B583-C1619606952E}.Release|Any CPU.ActiveCfg = Release|Any CPU
		{9C43EAA9-B605-400C-B583-C1619606952E}.Release|Any CPU.Build.0 = Release|Any CPU
		{38E83B35-89DA-41B7-9550-E1192BCD7B61}.Debug|Any CPU.ActiveCfg = Debug|Any CPU
		{38E83B35-89DA-41B7-9550-E1192BCD7B61}.Debug|Any CPU.Build.0 = Debug|Any CPU
		{38E83B35-89DA-41B7-9550-E1192BCD7B61}.Release|Any CPU.ActiveCfg = Release|Any CPU
		{38E83B35-89DA-41B7-9550-E1192BCD7B61}.Release|Any CPU.Build.0 = Release|Any CPU
		{68913286-84FE-42C0-8D27-170DAFD7585C}.Debug|Any CPU.ActiveCfg = Debug|Any CPU
		{68913286-84FE-42C0-8D27-170DAFD7585C}.Debug|Any CPU.Build.0 = Debug|Any CPU
		{68913286-84FE-42C0-8D27-170DAFD7585C}.Release|Any CPU.ActiveCfg = Release|Any CPU
		{68913286-84FE-42C0-8D27-170DAFD7585C}.Release|Any CPU.Build.0 = Release|Any CPU
		{036CB40B-73D7-469D-BF7E-6DC0F702A95F}.Debug|Any CPU.ActiveCfg = Debug|Any CPU
		{036CB40B-73D7-469D-BF7E-6DC0F702A95F}.Debug|Any CPU.Build.0 = Debug|Any CPU
		{036CB40B-73D7-469D-BF7E-6DC0F702A95F}.Release|Any CPU.ActiveCfg = Release|Any CPU
		{036CB40B-73D7-469D-BF7E-6DC0F702A95F}.Release|Any CPU.Build.0 = Release|Any CPU
		{8631EACF-3203-4CEB-B853-DFE33AEBFBDA}.Debug|Any CPU.ActiveCfg = Debug|Any CPU
		{8631EACF-3203-4CEB-B853-DFE33AEBFBDA}.Debug|Any CPU.Build.0 = Debug|Any CPU
		{8631EACF-3203-4CEB-B853-DFE33AEBFBDA}.Release|Any CPU.ActiveCfg = Release|Any CPU
		{8631EACF-3203-4CEB-B853-DFE33AEBFBDA}.Release|Any CPU.Build.0 = Release|Any CPU
		{C3E28D61-CBEE-4F5F-9E54-AEE1D4AB9EE9}.Debug|Any CPU.ActiveCfg = Debug|Any CPU
		{C3E28D61-CBEE-4F5F-9E54-AEE1D4AB9EE9}.Debug|Any CPU.Build.0 = Debug|Any CPU
		{C3E28D61-CBEE-4F5F-9E54-AEE1D4AB9EE9}.Release|Any CPU.ActiveCfg = Release|Any CPU
		{C3E28D61-CBEE-4F5F-9E54-AEE1D4AB9EE9}.Release|Any CPU.Build.0 = Release|Any CPU
	EndGlobalSection
	GlobalSection(SolutionProperties) = preSolution
		HideSolutionNode = FALSE
	EndGlobalSection
	GlobalSection(ExtensibilityGlobals) = postSolution
		SolutionGuid = {B45DD19B-CAFC-4E40-B7AE-202D1FBB1681}
	EndGlobalSection
EndGlobal
